
Microsoft Visual Studio Solution File, Format Version 12.00
# Visual Studio 2013
VisualStudioVersion = 12.0.30324.0
MinimumVisualStudioVersion = 10.0.40219.1
Project("{FAE04EC0-301F-11D3-BF4B-00C04F79EFBC}") = "DevBlah.MefIntro.HostApp", "DevBlah.MefIntro.MainApp\DevBlah.MefIntro.HostApp.csproj", "{1B59AE3B-EE36-4893-84F4-9803C6573CCE}"
EndProject
Project("{FAE04EC0-301F-11D3-BF4B-00C04F79EFBC}") = "DevBlah.MefIntro.Contracts", "DevBlah.MefIntro.Contracts\DevBlah.MefIntro.Contracts.csproj", "{9A18D2AB-9690-4B87-8C66-D4C029C61DC4}"
EndProject
Project("{FAE04EC0-301F-11D3-BF4B-00C04F79EFBC}") = "DevBlah.MefIntro.Encoder.Base64", "DevBlah.MefIntro.Encoder.Base64\DevBlah.MefIntro.Encoder.Base64.csproj", "{5F267594-9BB2-4E02-9B9D-0F87AA846CE2}"
EndProject
Project("{FAE04EC0-301F-11D3-BF4B-00C04F79EFBC}") = "DevBlah.MefIntro.Encoder.Blah", "DevBlah.MefIntro.Encoder.Blah\DevBlah.MefIntro.Encoder.Blah.csproj", "{EBE60C9E-9904-4E88-8E6C-2A43ECA76063}"
EndProject
Global
	GlobalSection(SolutionConfigurationPlatforms) = preSolution
		Debug|Any CPU = Debug|Any CPU
		Release|Any CPU = Release|Any CPU
	EndGlobalSection
	GlobalSection(ProjectConfigurationPlatforms) = postSolution
		{1B59AE3B-EE36-4893-84F4-9803C6573CCE}.Debug|Any CPU.ActiveCfg = Debug|Any CPU
		{1B59AE3B-EE36-4893-84F4-9803C6573CCE}.Debug|Any CPU.Build.0 = Debug|Any CPU
		{1B59AE3B-EE36-4893-84F4-9803C6573CCE}.Release|Any CPU.ActiveCfg = Release|Any CPU
		{1B59AE3B-EE36-4893-84F4-9803C6573CCE}.Release|Any CPU.Build.0 = Release|Any CPU
		{9A18D2AB-9690-4B87-8C66-D4C029C61DC4}.Debug|Any CPU.ActiveCfg = Debug|Any CPU
		{9A18D2AB-9690-4B87-8C66-D4C029C61DC4}.Debug|Any CPU.Build.0 = Debug|Any CPU
		{9A18D2AB-9690-4B87-8C66-D4C029C61DC4}.Release|Any CPU.ActiveCfg = Release|Any CPU
		{9A18D2AB-9690-4B87-8C66-D4C029C61DC4}.Release|Any CPU.Build.0 = Release|Any CPU
		{5F267594-9BB2-4E02-9B9D-0F87AA846CE2}.Debug|Any CPU.ActiveCfg = Debug|Any CPU
		{5F267594-9BB2-4E02-9B9D-0F87AA846CE2}.Debug|Any CPU.Build.0 = Debug|Any CPU
		{5F267594-9BB2-4E02-9B9D-0F87AA846CE2}.Release|Any CPU.ActiveCfg = Release|Any CPU
		{5F267594-9BB2-4E02-9B9D-0F87AA846CE2}.Release|Any CPU.Build.0 = Release|Any CPU
		{EBE60C9E-9904-4E88-8E6C-2A43ECA76063}.Debug|Any CPU.ActiveCfg = Debug|Any CPU
		{EBE60C9E-9904-4E88-8E6C-2A43ECA76063}.Debug|Any CPU.Build.0 = Debug|Any CPU
		{EBE60C9E-9904-4E88-8E6C-2A43ECA76063}.Release|Any CPU.ActiveCfg = Release|Any CPU
		{EBE60C9E-9904-4E88-8E6C-2A43ECA76063}.Release|Any CPU.Build.0 = Release|Any CPU
	EndGlobalSection
	GlobalSection(SolutionProperties) = preSolution
		HideSolutionNode = FALSE
	EndGlobalSection
EndGlobal
